
Microsoft Visual Studio Solution File, Format Version 12.00
# Visual Studio Version 16
VisualStudioVersion = 16.0.32929.386
MinimumVisualStudioVersion = 10.0.40219.1
Project("{FAE04EC0-301F-11D3-BF4B-00C04F79EFBC}") = "-Class-Obj-", "-Class-Obj-\-Class-Obj-.csproj", "{BDD8360A-4B87-4CA3-8483-0A3EBACA5AD0}"
EndProject
Global
	GlobalSection(SolutionConfigurationPlatforms) = preSolution
		Debug|Any CPU = Debug|Any CPU
		Release|Any CPU = Release|Any CPU
	EndGlobalSection
	GlobalSection(ProjectConfigurationPlatforms) = postSolution
		{BDD8360A-4B87-4CA3-8483-0A3EBACA5AD0}.Debug|Any CPU.ActiveCfg = Debug|Any CPU
		{BDD8360A-4B87-4CA3-8483-0A3EBACA5AD0}.Debug|Any CPU.Build.0 = Debug|Any CPU
		{BDD8360A-4B87-4CA3-8483-0A3EBACA5AD0}.Release|Any CPU.ActiveCfg = Release|Any CPU
		{BDD8360A-4B87-4CA3-8483-0A3EBACA5AD0}.Release|Any CPU.Build.0 = Release|Any CPU
	EndGlobalSection
	GlobalSection(SolutionProperties) = preSolution
		HideSolutionNode = FALSE
	EndGlobalSection
	GlobalSection(ExtensibilityGlobals) = postSolution
		SolutionGuid = {E2692830-C1DF-4EAF-B9C4-8DD8FF0D73E1}
	EndGlobalSection
EndGlobal
